// !$*UTF8*$!
{
	archiveVersion = 1;
	classes = {
	};
	objectVersion = 50;
	objects = {

/* Begin PBXBuildFile section */
		047DA2308D1C268EE4947C47 /* Pods_TRAFOD.framework in Frameworks */ = {isa = PBXBuildFile; fileRef = 6951A9821785757EF497684C /* Pods_TRAFOD.framework */; };
		7D2C9CF251C8332D810C6A89 /* Pods_TRAFODUITests.framework in Frameworks */ = {isa = PBXBuildFile; fileRef = 64193BF446C82855668BE830 /* Pods_TRAFODUITests.framework */; };
		F1D1AB1F54790623E24D64B5 /* Pods_TRAFODTests.framework in Frameworks */ = {isa = PBXBuildFile; fileRef = 626FC37E6E0A9D05608A9826 /* Pods_TRAFODTests.framework */; };
		F438D02720CD0C4900EC2606 /* Red Crystal.png in Resources */ = {isa = PBXBuildFile; fileRef = F438D02520CD0C4700EC2606 /* Red Crystal.png */; };
		F438D02820CD0C4900EC2606 /* Blue Crystal.png in Resources */ = {isa = PBXBuildFile; fileRef = F438D02620CD0C4900EC2606 /* Blue Crystal.png */; };
		F438D03E20CD34E700EC2606 /* antigrav.mp3 in Resources */ = {isa = PBXBuildFile; fileRef = F438D02A20CD34E200EC2606 /* antigrav.mp3 */; };
		F438D03F20CD34E700EC2606 /* seven.mp3 in Resources */ = {isa = PBXBuildFile; fileRef = F438D02B20CD34E200EC2606 /* seven.mp3 */; };
		F438D04020CD34E700EC2606 /* fourteen.mp3 in Resources */ = {isa = PBXBuildFile; fileRef = F438D02C20CD34E200EC2606 /* fourteen.mp3 */; };
		F438D04120CD34E700EC2606 /* breathing.mp3 in Resources */ = {isa = PBXBuildFile; fileRef = F438D02D20CD34E200EC2606 /* breathing.mp3 */; };
		F438D04220CD34E700EC2606 /* thirteen.mp3 in Resources */ = {isa = PBXBuildFile; fileRef = F438D02E20CD34E300EC2606 /* thirteen.mp3 */; };
		F438D04320CD34E700EC2606 /* hitground.mp3 in Resources */ = {isa = PBXBuildFile; fileRef = F438D02F20CD34E300EC2606 /* hitground.mp3 */; };
		F438D04420CD34E700EC2606 /* nine.mp3 in Resources */ = {isa = PBXBuildFile; fileRef = F438D03020CD34E300EC2606 /* nine.mp3 */; };
		F438D04520CD34E700EC2606 /* mineralgrab.mp3 in Resources */ = {isa = PBXBuildFile; fileRef = F438D03120CD34E400EC2606 /* mineralgrab.mp3 */; };
		F438D04620CD34E700EC2606 /* four.mp3 in Resources */ = {isa = PBXBuildFile; fileRef = F438D03220CD34E400EC2606 /* four.mp3 */; };
		F438D04720CD34E700EC2606 /* two.mp3 in Resources */ = {isa = PBXBuildFile; fileRef = F438D03320CD34E400EC2606 /* two.mp3 */; };
		F438D04820CD34E700EC2606 /* warp.mp3 in Resources */ = {isa = PBXBuildFile; fileRef = F438D03420CD34E500EC2606 /* warp.mp3 */; };
		F438D04920CD34E700EC2606 /* footsteps.mp3 in Resources */ = {isa = PBXBuildFile; fileRef = F438D03520CD34E500EC2606 /* footsteps.mp3 */; };
		F438D04A20CD34E700EC2606 /* one.mp3 in Resources */ = {isa = PBXBuildFile; fileRef = F438D03620CD34E500EC2606 /* one.mp3 */; };
		F438D04B20CD34E700EC2606 /* eight.mp3 in Resources */ = {isa = PBXBuildFile; fileRef = F438D03720CD34E500EC2606 /* eight.mp3 */; };
		F438D04C20CD34E700EC2606 /* three.mp3 in Resources */ = {isa = PBXBuildFile; fileRef = F438D03820CD34E600EC2606 /* three.mp3 */; };
		F438D04D20CD34E700EC2606 /* mineralcrash.mp3 in Resources */ = {isa = PBXBuildFile; fileRef = F438D03920CD34E600EC2606 /* mineralcrash.mp3 */; };
		F438D04E20CD34E700EC2606 /* random_noise1.mp3 in Resources */ = {isa = PBXBuildFile; fileRef = F438D03A20CD34E600EC2606 /* random_noise1.mp3 */; };
		F438D04F20CD34E700EC2606 /* five.mp3 in Resources */ = {isa = PBXBuildFile; fileRef = F438D03B20CD34E700EC2606 /* five.mp3 */; };
		F438D05020CD34E700EC2606 /* random_noise2.mp3 in Resources */ = {isa = PBXBuildFile; fileRef = F438D03C20CD34E700EC2606 /* random_noise2.mp3 */; };
		F438D05120CD34E700EC2606 /* ten.mp3 in Resources */ = {isa = PBXBuildFile; fileRef = F438D03D20CD34E700EC2606 /* ten.mp3 */; };
		F438D05420CD4E2300EC2606 /* Level1_Theme.mp3 in Resources */ = {isa = PBXBuildFile; fileRef = F438D05320CD4E2300EC2606 /* Level1_Theme.mp3 */; };
		F438D05920CD518C00EC2606 /* jumpbutton.png in Resources */ = {isa = PBXBuildFile; fileRef = F438D05720CD518C00EC2606 /* jumpbutton.png */; };
		F438D05A20CD518C00EC2606 /* throwbutton.png in Resources */ = {isa = PBXBuildFile; fileRef = F438D05820CD518C00EC2606 /* throwbutton.png */; };
		F438D06F20CE37DB00EC2606 /* level1background8.png in Resources */ = {isa = PBXBuildFile; fileRef = F438D06720CE37D900EC2606 /* level1background8.png */; };
		F438D07020CE37DB00EC2606 /* level1background4.png in Resources */ = {isa = PBXBuildFile; fileRef = F438D06820CE37DA00EC2606 /* level1background4.png */; };
		F438D07120CE37DB00EC2606 /* level1background1.png in Resources */ = {isa = PBXBuildFile; fileRef = F438D06920CE37DA00EC2606 /* level1background1.png */; };
		F438D07220CE37DB00EC2606 /* level1background2.png in Resources */ = {isa = PBXBuildFile; fileRef = F438D06A20CE37DA00EC2606 /* level1background2.png */; };
		F438D07320CE37DB00EC2606 /* level1background6.png in Resources */ = {isa = PBXBuildFile; fileRef = F438D06B20CE37DA00EC2606 /* level1background6.png */; };
		F438D07420CE37DB00EC2606 /* level1background7.png in Resources */ = {isa = PBXBuildFile; fileRef = F438D06C20CE37DB00EC2606 /* level1background7.png */; };
		F438D07520CE37DB00EC2606 /* level1background3.png in Resources */ = {isa = PBXBuildFile; fileRef = F438D06D20CE37DB00EC2606 /* level1background3.png */; };
		F438D07620CE37DB00EC2606 /* level1background5.png in Resources */ = {isa = PBXBuildFile; fileRef = F438D06E20CE37DB00EC2606 /* level1background5.png */; };
		F43FE24520E201270012D6E4 /* Level2.sks in Resources */ = {isa = PBXBuildFile; fileRef = F43FE24420E201270012D6E4 /* Level2.sks */; };
		F43FE24720E203620012D6E4 /* Level2.swift in Sources */ = {isa = PBXBuildFile; fileRef = F43FE24620E203620012D6E4 /* Level2.swift */; };
		F43FE24A20E21A550012D6E4 /* World+Particles.swift in Sources */ = {isa = PBXBuildFile; fileRef = F43FE24920E21A550012D6E4 /* World+Particles.swift */; };
		F442381D20D92CDB00EA4D01 /* Doors.sks in Resources */ = {isa = PBXBuildFile; fileRef = F442381C20D92CDB00EA4D01 /* Doors.sks */; };
		F442381F20DA509600EA4D01 /* story.wav in Resources */ = {isa = PBXBuildFile; fileRef = F442381E20DA509600EA4D01 /* story.wav */; };
		F442382120DA50AC00EA4D01 /* dawudsong.wav in Resources */ = {isa = PBXBuildFile; fileRef = F442382020DA50AC00EA4D01 /* dawudsong.wav */; };
		F442382320DA54B500EA4D01 /* birdschirping.wav in Resources */ = {isa = PBXBuildFile; fileRef = F442382220DA54B500EA4D01 /* birdschirping.wav */; };
		F44A4D4520DC928100E53841 /* PurchaseService.swift in Sources */ = {isa = PBXBuildFile; fileRef = F44A4D4420DC928100E53841 /* PurchaseService.swift */; };
		F44A4D4720DCDF3C00E53841 /* PurchaseViewController.swift in Sources */ = {isa = PBXBuildFile; fileRef = F44A4D4620DCDF3C00E53841 /* PurchaseViewController.swift */; };
		F44A9A8D20D3E25D004E389C /* World.swift in Sources */ = {isa = PBXBuildFile; fileRef = F44A9A8C20D3E25D004E389C /* World.swift */; };
		F44A9A9020D4EB16004E389C /* Loading.sks in Resources */ = {isa = PBXBuildFile; fileRef = F44A9A8F20D4EB16004E389C /* Loading.sks */; };
		F44E1A2020CE5E8E00FD026E /* Portal.png in Resources */ = {isa = PBXBuildFile; fileRef = F44E1A1F20CE5E8A00FD026E /* Portal.png */; };
		F44E1A2320CF541800FD026E /* MainMenu.sks in Resources */ = {isa = PBXBuildFile; fileRef = F44E1A2220CF541800FD026E /* MainMenu.sks */; };
		F44E1A2520CF543900FD026E /* menu.png in Resources */ = {isa = PBXBuildFile; fileRef = F44E1A2420CF543900FD026E /* menu.png */; };
		F44E1A2920CF557E00FD026E /* MainMenu.swift in Sources */ = {isa = PBXBuildFile; fileRef = F44E1A2820CF557E00FD026E /* MainMenu.swift */; };
		F44E1A2D20CFBB7E00FD026E /* Story.swift in Sources */ = {isa = PBXBuildFile; fileRef = F44E1A2C20CFBB7E00FD026E /* Story.swift */; };
		F44E1A2F20CFBC1C00FD026E /* Story.sks in Resources */ = {isa = PBXBuildFile; fileRef = F44E1A2E20CFBC1C00FD026E /* Story.sks */; };
		F44E1A4820CFC4E600FD026E /* minerals.png in Resources */ = {isa = PBXBuildFile; fileRef = F44E1A4220CFC4E400FD026E /* minerals.png */; };
		F44E1A4920CFC4E600FD026E /* village.png in Resources */ = {isa = PBXBuildFile; fileRef = F44E1A4320CFC4E400FD026E /* village.png */; };
		F44E1A4A20CFC4E600FD026E /* antigrav.png in Resources */ = {isa = PBXBuildFile; fileRef = F44E1A4420CFC4E500FD026E /* antigrav.png */; };
		F44E1A4B20CFC4E600FD026E /* destruction.png in Resources */ = {isa = PBXBuildFile; fileRef = F44E1A4520CFC4E500FD026E /* destruction.png */; };
		F44E1A4C20CFC4E600FD026E /* watermineral.png in Resources */ = {isa = PBXBuildFile; fileRef = F44E1A4620CFC4E600FD026E /* watermineral.png */; };
		F44E1A4D20CFC4E600FD026E /* prosperity.png in Resources */ = {isa = PBXBuildFile; fileRef = F44E1A4720CFC4E600FD026E /* prosperity.png */; };
		F44E1A5120D0A41D00FD026E /* dawud.png in Resources */ = {isa = PBXBuildFile; fileRef = F44E1A5020D0A41D00FD026E /* dawud.png */; };
		F44E1A5520D0B00F00FD026E /* hitground.mp3 in Resources */ = {isa = PBXBuildFile; fileRef = F44E1A5420D0B00E00FD026E /* hitground.mp3 */; };
		F44E1A5920D0B0B100FD026E /* FireFlies.sks in Resources */ = {isa = PBXBuildFile; fileRef = F44E1A5720D0B0B100FD026E /* FireFlies.sks */; };
		F44E1A5A20D0B0B100FD026E /* Assets.xcassets in Resources */ = {isa = PBXBuildFile; fileRef = F44E1A5820D0B0B100FD026E /* Assets.xcassets */; };
		F44E1A5C20D0B1A000FD026E /* Magic.sks in Resources */ = {isa = PBXBuildFile; fileRef = F44E1A5B20D0B1A000FD026E /* Magic.sks */; };
		F44E1A5E20D0B1EC00FD026E /* Smoke.sks in Resources */ = {isa = PBXBuildFile; fileRef = F44E1A5D20D0B1EC00FD026E /* Smoke.sks */; };
		F44E1A6020D0B24800FD026E /* Rain.sks in Resources */ = {isa = PBXBuildFile; fileRef = F44E1A5F20D0B24800FD026E /* Rain.sks */; };
		F44E1A6420D0BE4B00FD026E /* GroundParticle.sks in Resources */ = {isa = PBXBuildFile; fileRef = F44E1A6320D0BE4B00FD026E /* GroundParticle.sks */; };
		F44E1A6620D0C33F00FD026E /* RainPatter.sks in Resources */ = {isa = PBXBuildFile; fileRef = F44E1A6520D0C33F00FD026E /* RainPatter.sks */; };
		F44E1A6820D0C69A00FD026E /* Background.sks in Resources */ = {isa = PBXBuildFile; fileRef = F44E1A6720D0C69A00FD026E /* Background.sks */; };
		F44E1A6A20D10BCB00FD026E /* Spark.sks in Resources */ = {isa = PBXBuildFile; fileRef = F44E1A6920D10BCB00FD026E /* Spark.sks */; };
		F44E1A6D20D116CC00FD026E /* RopeBridge 2.png in Resources */ = {isa = PBXBuildFile; fileRef = F44E1A6B20D116CC00FD026E /* RopeBridge 2.png */; };
		F44E1A6E20D116CC00FD026E /* RopeBridge 1.png in Resources */ = {isa = PBXBuildFile; fileRef = F44E1A6C20D116CC00FD026E /* RopeBridge 1.png */; };
		F44E1A7120D1170700FD026E /* TransferLevel.sks in Resources */ = {isa = PBXBuildFile; fileRef = F44E1A7020D1170700FD026E /* TransferLevel.sks */; };
		F44E1A7320D1249900FD026E /* TransferLevel.swift in Sources */ = {isa = PBXBuildFile; fileRef = F44E1A7220D1249900FD026E /* TransferLevel.swift */; };
		F45EDF6F20D8C0390076C1C8 /* ProgressTracker.swift in Sources */ = {isa = PBXBuildFile; fileRef = F45EDF6E20D8C0390076C1C8 /* ProgressTracker.swift */; };
		F45EDF7120D8C2710076C1C8 /* Constants.swift in Sources */ = {isa = PBXBuildFile; fileRef = F45EDF7020D8C2710076C1C8 /* Constants.swift */; };
		F45EDF7320D8C5E60076C1C8 /* SoundManager.swift in Sources */ = {isa = PBXBuildFile; fileRef = F45EDF7220D8C5E60076C1C8 /* SoundManager.swift */; };
		F4648F1C20D2679100CE97E1 /* platform.png in Resources */ = {isa = PBXBuildFile; fileRef = F4648F1B20D2679100CE97E1 /* platform.png */; };
		F4B03CE720C94B8700F0B346 /* AppDelegate.swift in Sources */ = {isa = PBXBuildFile; fileRef = F4B03CE620C94B8700F0B346 /* AppDelegate.swift */; };
		F4B03CE920C94B8700F0B346 /* GameScene.sks in Resources */ = {isa = PBXBuildFile; fileRef = F4B03CE820C94B8700F0B346 /* GameScene.sks */; };
		F4B03CEB20C94B8700F0B346 /* Actions.sks in Resources */ = {isa = PBXBuildFile; fileRef = F4B03CEA20C94B8700F0B346 /* Actions.sks */; };
		F4B03CED20C94B8700F0B346 /* GameScene.swift in Sources */ = {isa = PBXBuildFile; fileRef = F4B03CEC20C94B8700F0B346 /* GameScene.swift */; };
		F4B03CEF20C94B8700F0B346 /* GameViewController.swift in Sources */ = {isa = PBXBuildFile; fileRef = F4B03CEE20C94B8700F0B346 /* GameViewController.swift */; };
		F4B03CF220C94B8700F0B346 /* Main.storyboard in Resources */ = {isa = PBXBuildFile; fileRef = F4B03CF020C94B8700F0B346 /* Main.storyboard */; };
		F4B03CF420C94B8900F0B346 /* Assets.xcassets in Resources */ = {isa = PBXBuildFile; fileRef = F4B03CF320C94B8900F0B346 /* Assets.xcassets */; };
		F4B03CF720C94B8900F0B346 /* LaunchScreen.storyboard in Resources */ = {isa = PBXBuildFile; fileRef = F4B03CF520C94B8900F0B346 /* LaunchScreen.storyboard */; };
		F4B03D0220C94B8900F0B346 /* TRAFODTests.swift in Sources */ = {isa = PBXBuildFile; fileRef = F4B03D0120C94B8900F0B346 /* TRAFODTests.swift */; };
		F4B03D0D20C94B8900F0B346 /* TRAFODUITests.swift in Sources */ = {isa = PBXBuildFile; fileRef = F4B03D0C20C94B8900F0B346 /* TRAFODUITests.swift */; };
		F4B8E89B20CA4FAA00E558F8 /* running_step5.png in Resources */ = {isa = PBXBuildFile; fileRef = F4B8E89020CA4FA900E558F8 /* running_step5.png */; };
		F4B8E89C20CA4FAA00E558F8 /* running_step0.png in Resources */ = {isa = PBXBuildFile; fileRef = F4B8E89120CA4FA900E558F8 /* running_step0.png */; };
		F4B8E89D20CA4FAA00E558F8 /* running_step2.png in Resources */ = {isa = PBXBuildFile; fileRef = F4B8E89220CA4FA900E558F8 /* running_step2.png */; };
		F4B8E89E20CA4FAA00E558F8 /* running_step4.png in Resources */ = {isa = PBXBuildFile; fileRef = F4B8E89320CA4FA900E558F8 /* running_step4.png */; };
		F4B8E89F20CA4FAA00E558F8 /* running_step3.png in Resources */ = {isa = PBXBuildFile; fileRef = F4B8E89420CA4FA900E558F8 /* running_step3.png */; };
		F4B8E8A020CA4FAA00E558F8 /* running_step6.png in Resources */ = {isa = PBXBuildFile; fileRef = F4B8E89520CA4FA900E558F8 /* running_step6.png */; };
		F4B8E8A120CA4FAA00E558F8 /* running_step7.png in Resources */ = {isa = PBXBuildFile; fileRef = F4B8E89620CA4FA900E558F8 /* running_step7.png */; };
		F4B8E8A220CA4FAA00E558F8 /* running_step1.png in Resources */ = {isa = PBXBuildFile; fileRef = F4B8E89720CA4FA900E558F8 /* running_step1.png */; };
		F4B8E8A320CA4FAA00E558F8 /* spinning.png in Resources */ = {isa = PBXBuildFile; fileRef = F4B8E89820CA4FAA00E558F8 /* spinning.png */; };
		F4B8E8A420CA4FAA00E558F8 /* throwing.png in Resources */ = {isa = PBXBuildFile; fileRef = F4B8E89920CA4FAA00E558F8 /* throwing.png */; };
		F4B8E8A520CA4FAA00E558F8 /* standing.png in Resources */ = {isa = PBXBuildFile; fileRef = F4B8E89A20CA4FAA00E558F8 /* standing.png */; };
		F4B8E8A720CA684B00E558F8 /* Ground Merged.png in Resources */ = {isa = PBXBuildFile; fileRef = F4B8E8A620CA684B00E558F8 /* Ground Merged.png */; };
		F4B8E8AB20CA72BF00E558F8 /* City Rock.png in Resources */ = {isa = PBXBuildFile; fileRef = F4B8E8A820CA72BD00E558F8 /* City Rock.png */; };
		F4B8E8AC20CA72BF00E558F8 /* level1Sky.png in Resources */ = {isa = PBXBuildFile; fileRef = F4B8E8A920CA72BE00E558F8 /* level1Sky.png */; };
		F4B8E8AD20CA72BF00E558F8 /* level1mountains.png in Resources */ = {isa = PBXBuildFile; fileRef = F4B8E8AA20CA72BF00E558F8 /* level1mountains.png */; };
		F4B8E8AF20CA794900E558F8 /* level1ground1.png in Resources */ = {isa = PBXBuildFile; fileRef = F4B8E8AE20CA794900E558F8 /* level1ground1.png */; };
		F4B8E8B120CA79D300E558F8 /* level1ground2.png in Resources */ = {isa = PBXBuildFile; fileRef = F4B8E8B020CA79D300E558F8 /* level1ground2.png */; };
		F4D57DF220DE268600C5B5A3 /* ConfirmationViewController.swift in Sources */ = {isa = PBXBuildFile; fileRef = F4D57DF120DE268600C5B5A3 /* ConfirmationViewController.swift */; };
		F4DE8C8B20D4EC2900D25AE0 /* Loading.swift in Sources */ = {isa = PBXBuildFile; fileRef = F4DE8C8A20D4EC2900D25AE0 /* Loading.swift */; };
		F4E799FC20D7604900ECE898 /* Fire.sks in Resources */ = {isa = PBXBuildFile; fileRef = F4E799FB20D7604900ECE898 /* Fire.sks */; };
/* End PBXBuildFile section */

/* Begin PBXContainerItemProxy section */
		F4B03CFE20C94B8900F0B346 /* PBXContainerItemProxy */ = {
			isa = PBXContainerItemProxy;
			containerPortal = F4B03CDB20C94B8700F0B346 /* Project object */;
			proxyType = 1;
			remoteGlobalIDString = F4B03CE220C94B8700F0B346;
			remoteInfo = TRAFOD;
		};
		F4B03D0920C94B8900F0B346 /* PBXContainerItemProxy */ = {
			isa = PBXContainerItemProxy;
			containerPortal = F4B03CDB20C94B8700F0B346 /* Project object */;
			proxyType = 1;
			remoteGlobalIDString = F4B03CE220C94B8700F0B346;
			remoteInfo = TRAFOD;
		};
/* End PBXContainerItemProxy section */

/* Begin PBXFileReference section */
		3421A6A442414095FA6C4785 /* Pods-TRAFODTests.release.xcconfig */ = {isa = PBXFileReference; includeInIndex = 1; lastKnownFileType = text.xcconfig; name = "Pods-TRAFODTests.release.xcconfig"; path = "Pods/Target Support Files/Pods-TRAFODTests/Pods-TRAFODTests.release.xcconfig"; sourceTree = "<group>"; };
		4DC62AE5103E0A3691C42C0F /* Pods-TRAFOD.debug.xcconfig */ = {isa = PBXFileReference; includeInIndex = 1; lastKnownFileType = text.xcconfig; name = "Pods-TRAFOD.debug.xcconfig"; path = "Pods/Target Support Files/Pods-TRAFOD/Pods-TRAFOD.debug.xcconfig"; sourceTree = "<group>"; };
		626FC37E6E0A9D05608A9826 /* Pods_TRAFODTests.framework */ = {isa = PBXFileReference; explicitFileType = wrapper.framework; includeInIndex = 0; path = Pods_TRAFODTests.framework; sourceTree = BUILT_PRODUCTS_DIR; };
		64193BF446C82855668BE830 /* Pods_TRAFODUITests.framework */ = {isa = PBXFileReference; explicitFileType = wrapper.framework; includeInIndex = 0; path = Pods_TRAFODUITests.framework; sourceTree = BUILT_PRODUCTS_DIR; };
		6951A9821785757EF497684C /* Pods_TRAFOD.framework */ = {isa = PBXFileReference; explicitFileType = wrapper.framework; includeInIndex = 0; path = Pods_TRAFOD.framework; sourceTree = BUILT_PRODUCTS_DIR; };
		72404E5B4733EB2C68CCAFD7 /* Pods-TRAFODUITests.debug.xcconfig */ = {isa = PBXFileReference; includeInIndex = 1; lastKnownFileType = text.xcconfig; name = "Pods-TRAFODUITests.debug.xcconfig"; path = "Pods/Target Support Files/Pods-TRAFODUITests/Pods-TRAFODUITests.debug.xcconfig"; sourceTree = "<group>"; };
		84498558B2EF9D5DC79A2E7D /* Pods-TRAFODTests.debug.xcconfig */ = {isa = PBXFileReference; includeInIndex = 1; lastKnownFileType = text.xcconfig; name = "Pods-TRAFODTests.debug.xcconfig"; path = "Pods/Target Support Files/Pods-TRAFODTests/Pods-TRAFODTests.debug.xcconfig"; sourceTree = "<group>"; };
		E860BBC35B9BD0E4CD9ECB09 /* Pods-TRAFOD.release.xcconfig */ = {isa = PBXFileReference; includeInIndex = 1; lastKnownFileType = text.xcconfig; name = "Pods-TRAFOD.release.xcconfig"; path = "Pods/Target Support Files/Pods-TRAFOD/Pods-TRAFOD.release.xcconfig"; sourceTree = "<group>"; };
		EE59AA9465552CDB5CA491CF /* Pods-TRAFODUITests.release.xcconfig */ = {isa = PBXFileReference; includeInIndex = 1; lastKnownFileType = text.xcconfig; name = "Pods-TRAFODUITests.release.xcconfig"; path = "Pods/Target Support Files/Pods-TRAFODUITests/Pods-TRAFODUITests.release.xcconfig"; sourceTree = "<group>"; };
		F438D02520CD0C4700EC2606 /* Red Crystal.png */ = {isa = PBXFileReference; lastKnownFileType = image.png; path = "Red Crystal.png"; sourceTree = "<group>"; };
		F438D02620CD0C4900EC2606 /* Blue Crystal.png */ = {isa = PBXFileReference; lastKnownFileType = image.png; path = "Blue Crystal.png"; sourceTree = "<group>"; };
		F438D02A20CD34E200EC2606 /* antigrav.mp3 */ = {isa = PBXFileReference; lastKnownFileType = audio.mp3; path = antigrav.mp3; sourceTree = "<group>"; };
		F438D02B20CD34E200EC2606 /* seven.mp3 */ = {isa = PBXFileReference; lastKnownFileType = audio.mp3; path = seven.mp3; sourceTree = "<group>"; };
		F438D02C20CD34E200EC2606 /* fourteen.mp3 */ = {isa = PBXFileReference; lastKnownFileType = audio.mp3; path = fourteen.mp3; sourceTree = "<group>"; };
		F438D02D20CD34E200EC2606 /* breathing.mp3 */ = {isa = PBXFileReference; lastKnownFileType = audio.mp3; path = breathing.mp3; sourceTree = "<group>"; };
		F438D02E20CD34E300EC2606 /* thirteen.mp3 */ = {isa = PBXFileReference; lastKnownFileType = audio.mp3; path = thirteen.mp3; sourceTree = "<group>"; };
		F438D02F20CD34E300EC2606 /* hitground.mp3 */ = {isa = PBXFileReference; lastKnownFileType = audio.mp3; path = hitground.mp3; sourceTree = "<group>"; };
		F438D03020CD34E300EC2606 /* nine.mp3 */ = {isa = PBXFileReference; lastKnownFileType = audio.mp3; path = nine.mp3; sourceTree = "<group>"; };
		F438D03120CD34E400EC2606 /* mineralgrab.mp3 */ = {isa = PBXFileReference; lastKnownFileType = audio.mp3; path = mineralgrab.mp3; sourceTree = "<group>"; };
		F438D03220CD34E400EC2606 /* four.mp3 */ = {isa = PBXFileReference; lastKnownFileType = audio.mp3; path = four.mp3; sourceTree = "<group>"; };
		F438D03320CD34E400EC2606 /* two.mp3 */ = {isa = PBXFileReference; lastKnownFileType = audio.mp3; path = two.mp3; sourceTree = "<group>"; };
		F438D03420CD34E500EC2606 /* warp.mp3 */ = {isa = PBXFileReference; lastKnownFileType = audio.mp3; path = warp.mp3; sourceTree = "<group>"; };
		F438D03520CD34E500EC2606 /* footsteps.mp3 */ = {isa = PBXFileReference; lastKnownFileType = audio.mp3; path = footsteps.mp3; sourceTree = "<group>"; };
		F438D03620CD34E500EC2606 /* one.mp3 */ = {isa = PBXFileReference; lastKnownFileType = audio.mp3; path = one.mp3; sourceTree = "<group>"; };
		F438D03720CD34E500EC2606 /* eight.mp3 */ = {isa = PBXFileReference; lastKnownFileType = audio.mp3; path = eight.mp3; sourceTree = "<group>"; };
		F438D03820CD34E600EC2606 /* three.mp3 */ = {isa = PBXFileReference; lastKnownFileType = audio.mp3; path = three.mp3; sourceTree = "<group>"; };
		F438D03920CD34E600EC2606 /* mineralcrash.mp3 */ = {isa = PBXFileReference; lastKnownFileType = audio.mp3; path = mineralcrash.mp3; sourceTree = "<group>"; };
		F438D03A20CD34E600EC2606 /* random_noise1.mp3 */ = {isa = PBXFileReference; lastKnownFileType = audio.mp3; path = random_noise1.mp3; sourceTree = "<group>"; };
		F438D03B20CD34E700EC2606 /* five.mp3 */ = {isa = PBXFileReference; lastKnownFileType = audio.mp3; path = five.mp3; sourceTree = "<group>"; };
		F438D03C20CD34E700EC2606 /* random_noise2.mp3 */ = {isa = PBXFileReference; lastKnownFileType = audio.mp3; path = random_noise2.mp3; sourceTree = "<group>"; };
		F438D03D20CD34E700EC2606 /* ten.mp3 */ = {isa = PBXFileReference; lastKnownFileType = audio.mp3; path = ten.mp3; sourceTree = "<group>"; };
		F438D05320CD4E2300EC2606 /* Level1_Theme.mp3 */ = {isa = PBXFileReference; lastKnownFileType = audio.mp3; path = Level1_Theme.mp3; sourceTree = "<group>"; };
		F438D05720CD518C00EC2606 /* jumpbutton.png */ = {isa = PBXFileReference; lastKnownFileType = image.png; path = jumpbutton.png; sourceTree = "<group>"; };
		F438D05820CD518C00EC2606 /* throwbutton.png */ = {isa = PBXFileReference; lastKnownFileType = image.png; path = throwbutton.png; sourceTree = "<group>"; };
		F438D06720CE37D900EC2606 /* level1background8.png */ = {isa = PBXFileReference; lastKnownFileType = image.png; path = level1background8.png; sourceTree = "<group>"; };
		F438D06820CE37DA00EC2606 /* level1background4.png */ = {isa = PBXFileReference; lastKnownFileType = image.png; path = level1background4.png; sourceTree = "<group>"; };
		F438D06920CE37DA00EC2606 /* level1background1.png */ = {isa = PBXFileReference; lastKnownFileType = image.png; path = level1background1.png; sourceTree = "<group>"; };
		F438D06A20CE37DA00EC2606 /* level1background2.png */ = {isa = PBXFileReference; lastKnownFileType = image.png; path = level1background2.png; sourceTree = "<group>"; };
		F438D06B20CE37DA00EC2606 /* level1background6.png */ = {isa = PBXFileReference; lastKnownFileType = image.png; path = level1background6.png; sourceTree = "<group>"; };
		F438D06C20CE37DB00EC2606 /* level1background7.png */ = {isa = PBXFileReference; lastKnownFileType = image.png; path = level1background7.png; sourceTree = "<group>"; };
		F438D06D20CE37DB00EC2606 /* level1background3.png */ = {isa = PBXFileReference; lastKnownFileType = image.png; path = level1background3.png; sourceTree = "<group>"; };
		F438D06E20CE37DB00EC2606 /* level1background5.png */ = {isa = PBXFileReference; lastKnownFileType = image.png; path = level1background5.png; sourceTree = "<group>"; };
		F43FE24420E201270012D6E4 /* Level2.sks */ = {isa = PBXFileReference; lastKnownFileType = file.sks; path = Level2.sks; sourceTree = "<group>"; };
		F43FE24620E203620012D6E4 /* Level2.swift */ = {isa = PBXFileReference; lastKnownFileType = sourcecode.swift; path = Level2.swift; sourceTree = "<group>"; };
		F43FE24920E21A550012D6E4 /* World+Particles.swift */ = {isa = PBXFileReference; lastKnownFileType = sourcecode.swift; path = "World+Particles.swift"; sourceTree = "<group>"; };
		F442381C20D92CDB00EA4D01 /* Doors.sks */ = {isa = PBXFileReference; lastKnownFileType = file.sks; path = Doors.sks; sourceTree = "<group>"; };
		F442381E20DA509600EA4D01 /* story.wav */ = {isa = PBXFileReference; lastKnownFileType = audio.wav; path = story.wav; sourceTree = "<group>"; };
		F442382020DA50AC00EA4D01 /* dawudsong.wav */ = {isa = PBXFileReference; lastKnownFileType = audio.wav; name = dawudsong.wav; path = ../../../../../../dawudsong.wav; sourceTree = "<group>"; };
		F442382220DA54B500EA4D01 /* birdschirping.wav */ = {isa = PBXFileReference; lastKnownFileType = audio.wav; path = birdschirping.wav; sourceTree = "<group>"; };
		F44A4D4420DC928100E53841 /* PurchaseService.swift */ = {isa = PBXFileReference; lastKnownFileType = sourcecode.swift; path = PurchaseService.swift; sourceTree = "<group>"; };
		F44A4D4620DCDF3C00E53841 /* PurchaseViewController.swift */ = {isa = PBXFileReference; lastKnownFileType = sourcecode.swift; path = PurchaseViewController.swift; sourceTree = "<group>"; };
		F44A9A8C20D3E25D004E389C /* World.swift */ = {isa = PBXFileReference; lastKnownFileType = sourcecode.swift; path = World.swift; sourceTree = "<group>"; };
		F44A9A8F20D4EB16004E389C /* Loading.sks */ = {isa = PBXFileReference; lastKnownFileType = file.sks; path = Loading.sks; sourceTree = "<group>"; };
		F44E1A1F20CE5E8A00FD026E /* Portal.png */ = {isa = PBXFileReference; lastKnownFileType = image.png; path = Portal.png; sourceTree = "<group>"; };
		F44E1A2220CF541800FD026E /* MainMenu.sks */ = {isa = PBXFileReference; lastKnownFileType = file.sks; path = MainMenu.sks; sourceTree = "<group>"; };
		F44E1A2420CF543900FD026E /* menu.png */ = {isa = PBXFileReference; lastKnownFileType = image.png; path = menu.png; sourceTree = "<group>"; };
		F44E1A2820CF557E00FD026E /* MainMenu.swift */ = {isa = PBXFileReference; lastKnownFileType = sourcecode.swift; path = MainMenu.swift; sourceTree = "<group>"; };
		F44E1A2C20CFBB7E00FD026E /* Story.swift */ = {isa = PBXFileReference; lastKnownFileType = sourcecode.swift; path = Story.swift; sourceTree = "<group>"; };
		F44E1A2E20CFBC1C00FD026E /* Story.sks */ = {isa = PBXFileReference; lastKnownFileType = file.sks; path = Story.sks; sourceTree = "<group>"; };
		F44E1A4220CFC4E400FD026E /* minerals.png */ = {isa = PBXFileReference; lastKnownFileType = image.png; path = minerals.png; sourceTree = "<group>"; };
		F44E1A4320CFC4E400FD026E /* village.png */ = {isa = PBXFileReference; lastKnownFileType = image.png; path = village.png; sourceTree = "<group>"; };
		F44E1A4420CFC4E500FD026E /* antigrav.png */ = {isa = PBXFileReference; lastKnownFileType = image.png; path = antigrav.png; sourceTree = "<group>"; };
		F44E1A4520CFC4E500FD026E /* destruction.png */ = {isa = PBXFileReference; lastKnownFileType = image.png; path = destruction.png; sourceTree = "<group>"; };
		F44E1A4620CFC4E600FD026E /* watermineral.png */ = {isa = PBXFileReference; lastKnownFileType = image.png; path = watermineral.png; sourceTree = "<group>"; };
		F44E1A4720CFC4E600FD026E /* prosperity.png */ = {isa = PBXFileReference; lastKnownFileType = image.png; path = prosperity.png; sourceTree = "<group>"; };
		F44E1A5020D0A41D00FD026E /* dawud.png */ = {isa = PBXFileReference; lastKnownFileType = image.png; path = dawud.png; sourceTree = "<group>"; };
		F44E1A5420D0B00E00FD026E /* hitground.mp3 */ = {isa = PBXFileReference; lastKnownFileType = audio.mp3; name = hitground.mp3; path = ../../../../Book1/code/trunk/trafod/media/Sounds/hitground.mp3; sourceTree = "<group>"; };
		F44E1A5720D0B0B100FD026E /* FireFlies.sks */ = {isa = PBXFileReference; lastKnownFileType = file.sks; path = FireFlies.sks; sourceTree = "<group>"; };
		F44E1A5820D0B0B100FD026E /* Assets.xcassets */ = {isa = PBXFileReference; lastKnownFileType = folder.assetcatalog; path = Assets.xcassets; sourceTree = "<group>"; };
		F44E1A5B20D0B1A000FD026E /* Magic.sks */ = {isa = PBXFileReference; lastKnownFileType = file.sks; path = Magic.sks; sourceTree = "<group>"; };
		F44E1A5D20D0B1EC00FD026E /* Smoke.sks */ = {isa = PBXFileReference; lastKnownFileType = file.sks; path = Smoke.sks; sourceTree = "<group>"; };
		F44E1A5F20D0B24800FD026E /* Rain.sks */ = {isa = PBXFileReference; lastKnownFileType = file.sks; path = Rain.sks; sourceTree = "<group>"; };
		F44E1A6320D0BE4B00FD026E /* GroundParticle.sks */ = {isa = PBXFileReference; lastKnownFileType = file.sks; path = GroundParticle.sks; sourceTree = "<group>"; };
		F44E1A6520D0C33F00FD026E /* RainPatter.sks */ = {isa = PBXFileReference; lastKnownFileType = file.sks; path = RainPatter.sks; sourceTree = "<group>"; };
		F44E1A6720D0C69A00FD026E /* Background.sks */ = {isa = PBXFileReference; lastKnownFileType = file.sks; path = Background.sks; sourceTree = "<group>"; };
		F44E1A6920D10BCB00FD026E /* Spark.sks */ = {isa = PBXFileReference; lastKnownFileType = file.sks; path = Spark.sks; sourceTree = "<group>"; };
		F44E1A6B20D116CC00FD026E /* RopeBridge 2.png */ = {isa = PBXFileReference; lastKnownFileType = image.png; path = "RopeBridge 2.png"; sourceTree = "<group>"; };
		F44E1A6C20D116CC00FD026E /* RopeBridge 1.png */ = {isa = PBXFileReference; lastKnownFileType = image.png; path = "RopeBridge 1.png"; sourceTree = "<group>"; };
		F44E1A7020D1170700FD026E /* TransferLevel.sks */ = {isa = PBXFileReference; lastKnownFileType = file.sks; path = TransferLevel.sks; sourceTree = "<group>"; };
		F44E1A7220D1249900FD026E /* TransferLevel.swift */ = {isa = PBXFileReference; lastKnownFileType = sourcecode.swift; path = TransferLevel.swift; sourceTree = "<group>"; };
		F45EDF6E20D8C0390076C1C8 /* ProgressTracker.swift */ = {isa = PBXFileReference; lastKnownFileType = sourcecode.swift; path = ProgressTracker.swift; sourceTree = "<group>"; };
		F45EDF7020D8C2710076C1C8 /* Constants.swift */ = {isa = PBXFileReference; lastKnownFileType = sourcecode.swift; path = Constants.swift; sourceTree = "<group>"; };
		F45EDF7220D8C5E60076C1C8 /* SoundManager.swift */ = {isa = PBXFileReference; lastKnownFileType = sourcecode.swift; path = SoundManager.swift; sourceTree = "<group>"; };
		F4648F1B20D2679100CE97E1 /* platform.png */ = {isa = PBXFileReference; lastKnownFileType = image.png; path = platform.png; sourceTree = "<group>"; };
		F4B03CE320C94B8700F0B346 /* TRAFOD.app */ = {isa = PBXFileReference; explicitFileType = wrapper.application; includeInIndex = 0; path = TRAFOD.app; sourceTree = BUILT_PRODUCTS_DIR; };
		F4B03CE620C94B8700F0B346 /* AppDelegate.swift */ = {isa = PBXFileReference; lastKnownFileType = sourcecode.swift; path = AppDelegate.swift; sourceTree = "<group>"; };
		F4B03CE820C94B8700F0B346 /* GameScene.sks */ = {isa = PBXFileReference; lastKnownFileType = file.sks; path = GameScene.sks; sourceTree = "<group>"; };
		F4B03CEA20C94B8700F0B346 /* Actions.sks */ = {isa = PBXFileReference; lastKnownFileType = file.sks; path = Actions.sks; sourceTree = "<group>"; };
		F4B03CEC20C94B8700F0B346 /* GameScene.swift */ = {isa = PBXFileReference; lastKnownFileType = sourcecode.swift; path = GameScene.swift; sourceTree = "<group>"; };
		F4B03CEE20C94B8700F0B346 /* GameViewController.swift */ = {isa = PBXFileReference; lastKnownFileType = sourcecode.swift; path = GameViewController.swift; sourceTree = "<group>"; };
		F4B03CF120C94B8700F0B346 /* Base */ = {isa = PBXFileReference; lastKnownFileType = file.storyboard; name = Base; path = Base.lproj/Main.storyboard; sourceTree = "<group>"; };
		F4B03CF320C94B8900F0B346 /* Assets.xcassets */ = {isa = PBXFileReference; lastKnownFileType = folder.assetcatalog; path = Assets.xcassets; sourceTree = "<group>"; };
		F4B03CF620C94B8900F0B346 /* Base */ = {isa = PBXFileReference; lastKnownFileType = file.storyboard; name = Base; path = Base.lproj/LaunchScreen.storyboard; sourceTree = "<group>"; };
		F4B03CF820C94B8900F0B346 /* Info.plist */ = {isa = PBXFileReference; lastKnownFileType = text.plist.xml; path = Info.plist; sourceTree = "<group>"; };
		F4B03CFD20C94B8900F0B346 /* TRAFODTests.xctest */ = {isa = PBXFileReference; explicitFileType = wrapper.cfbundle; includeInIndex = 0; path = TRAFODTests.xctest; sourceTree = BUILT_PRODUCTS_DIR; };
		F4B03D0120C94B8900F0B346 /* TRAFODTests.swift */ = {isa = PBXFileReference; lastKnownFileType = sourcecode.swift; path = TRAFODTests.swift; sourceTree = "<group>"; };
		F4B03D0320C94B8900F0B346 /* Info.plist */ = {isa = PBXFileReference; lastKnownFileType = text.plist.xml; path = Info.plist; sourceTree = "<group>"; };
		F4B03D0820C94B8900F0B346 /* TRAFODUITests.xctest */ = {isa = PBXFileReference; explicitFileType = wrapper.cfbundle; includeInIndex = 0; path = TRAFODUITests.xctest; sourceTree = BUILT_PRODUCTS_DIR; };
		F4B03D0C20C94B8900F0B346 /* TRAFODUITests.swift */ = {isa = PBXFileReference; lastKnownFileType = sourcecode.swift; path = TRAFODUITests.swift; sourceTree = "<group>"; };
		F4B03D0E20C94B8900F0B346 /* Info.plist */ = {isa = PBXFileReference; lastKnownFileType = text.plist.xml; path = Info.plist; sourceTree = "<group>"; };
		F4B8E89020CA4FA900E558F8 /* running_step5.png */ = {isa = PBXFileReference; lastKnownFileType = image.png; path = running_step5.png; sourceTree = "<group>"; };
		F4B8E89120CA4FA900E558F8 /* running_step0.png */ = {isa = PBXFileReference; lastKnownFileType = image.png; path = running_step0.png; sourceTree = "<group>"; };
		F4B8E89220CA4FA900E558F8 /* running_step2.png */ = {isa = PBXFileReference; lastKnownFileType = image.png; path = running_step2.png; sourceTree = "<group>"; };
		F4B8E89320CA4FA900E558F8 /* running_step4.png */ = {isa = PBXFileReference; lastKnownFileType = image.png; path = running_step4.png; sourceTree = "<group>"; };
		F4B8E89420CA4FA900E558F8 /* running_step3.png */ = {isa = PBXFileReference; lastKnownFileType = image.png; path = running_step3.png; sourceTree = "<group>"; };
		F4B8E89520CA4FA900E558F8 /* running_step6.png */ = {isa = PBXFileReference; lastKnownFileType = image.png; path = running_step6.png; sourceTree = "<group>"; };
		F4B8E89620CA4FA900E558F8 /* running_step7.png */ = {isa = PBXFileReference; lastKnownFileType = image.png; path = running_step7.png; sourceTree = "<group>"; };
		F4B8E89720CA4FA900E558F8 /* running_step1.png */ = {isa = PBXFileReference; lastKnownFileType = image.png; path = running_step1.png; sourceTree = "<group>"; };
		F4B8E89820CA4FAA00E558F8 /* spinning.png */ = {isa = PBXFileReference; lastKnownFileType = image.png; path = spinning.png; sourceTree = "<group>"; };
		F4B8E89920CA4FAA00E558F8 /* throwing.png */ = {isa = PBXFileReference; lastKnownFileType = image.png; path = throwing.png; sourceTree = "<group>"; };
		F4B8E89A20CA4FAA00E558F8 /* standing.png */ = {isa = PBXFileReference; lastKnownFileType = image.png; path = standing.png; sourceTree = "<group>"; };
		F4B8E8A620CA684B00E558F8 /* Ground Merged.png */ = {isa = PBXFileReference; lastKnownFileType = image.png; path = "Ground Merged.png"; sourceTree = "<group>"; };
		F4B8E8A820CA72BD00E558F8 /* City Rock.png */ = {isa = PBXFileReference; lastKnownFileType = image.png; path = "City Rock.png"; sourceTree = "<group>"; };
		F4B8E8A920CA72BE00E558F8 /* level1Sky.png */ = {isa = PBXFileReference; lastKnownFileType = image.png; path = level1Sky.png; sourceTree = "<group>"; };
		F4B8E8AA20CA72BF00E558F8 /* level1mountains.png */ = {isa = PBXFileReference; lastKnownFileType = image.png; path = level1mountains.png; sourceTree = "<group>"; };
		F4B8E8AE20CA794900E558F8 /* level1ground1.png */ = {isa = PBXFileReference; lastKnownFileType = image.png; path = level1ground1.png; sourceTree = "<group>"; };
		F4B8E8B020CA79D300E558F8 /* level1ground2.png */ = {isa = PBXFileReference; lastKnownFileType = image.png; path = level1ground2.png; sourceTree = "<group>"; };
		F4D57DF120DE268600C5B5A3 /* ConfirmationViewController.swift */ = {isa = PBXFileReference; lastKnownFileType = sourcecode.swift; path = ConfirmationViewController.swift; sourceTree = "<group>"; };
		F4DE8C8A20D4EC2900D25AE0 /* Loading.swift */ = {isa = PBXFileReference; lastKnownFileType = sourcecode.swift; path = Loading.swift; sourceTree = "<group>"; };
		F4E799FB20D7604900ECE898 /* Fire.sks */ = {isa = PBXFileReference; lastKnownFileType = file.sks; path = Fire.sks; sourceTree = "<group>"; };
/* End PBXFileReference section */

/* Begin PBXFrameworksBuildPhase section */
		F4B03CE020C94B8700F0B346 /* Frameworks */ = {
			isa = PBXFrameworksBuildPhase;
			buildActionMask = 2147483647;
			files = (
				047DA2308D1C268EE4947C47 /* Pods_TRAFOD.framework in Frameworks */,
			);
			runOnlyForDeploymentPostprocessing = 0;
		};
		F4B03CFA20C94B8900F0B346 /* Frameworks */ = {
			isa = PBXFrameworksBuildPhase;
			buildActionMask = 2147483647;
			files = (
				F1D1AB1F54790623E24D64B5 /* Pods_TRAFODTests.framework in Frameworks */,
			);
			runOnlyForDeploymentPostprocessing = 0;
		};
		F4B03D0520C94B8900F0B346 /* Frameworks */ = {
			isa = PBXFrameworksBuildPhase;
			buildActionMask = 2147483647;
			files = (
				7D2C9CF251C8332D810C6A89 /* Pods_TRAFODUITests.framework in Frameworks */,
			);
			runOnlyForDeploymentPostprocessing = 0;
		};
/* End PBXFrameworksBuildPhase section */

/* Begin PBXGroup section */
		235ED248F5A4E22176F3CEA3 /* Pods */ = {
			isa = PBXGroup;
			children = (
				4DC62AE5103E0A3691C42C0F /* Pods-TRAFOD.debug.xcconfig */,
				E860BBC35B9BD0E4CD9ECB09 /* Pods-TRAFOD.release.xcconfig */,
				84498558B2EF9D5DC79A2E7D /* Pods-TRAFODTests.debug.xcconfig */,
				3421A6A442414095FA6C4785 /* Pods-TRAFODTests.release.xcconfig */,
				72404E5B4733EB2C68CCAFD7 /* Pods-TRAFODUITests.debug.xcconfig */,
				EE59AA9465552CDB5CA491CF /* Pods-TRAFODUITests.release.xcconfig */,
			);
			name = Pods;
			sourceTree = "<group>";
		};
		F438D02420CD0C2F00EC2606 /* Minerals */ = {
			isa = PBXGroup;
			children = (
				F438D02620CD0C4900EC2606 /* Blue Crystal.png */,
				F438D02520CD0C4700EC2606 /* Red Crystal.png */,
			);
			path = Minerals;
			sourceTree = "<group>";
		};
		F438D02920CD34BE00EC2606 /* Sounds */ = {
			isa = PBXGroup;
			children = (
				F442382020DA50AC00EA4D01 /* dawudsong.wav */,
				F44E1A5420D0B00E00FD026E /* hitground.mp3 */,
				F44E1A3D20CFC1B600FD026E /* Story */,
				F438D05220CD4DE300EC2606 /* Level 1 */,
				F438D02A20CD34E200EC2606 /* antigrav.mp3 */,
				F438D02D20CD34E200EC2606 /* breathing.mp3 */,
				F438D03720CD34E500EC2606 /* eight.mp3 */,
				F438D03B20CD34E700EC2606 /* five.mp3 */,
				F438D03520CD34E500EC2606 /* footsteps.mp3 */,
				F438D03220CD34E400EC2606 /* four.mp3 */,
				F438D02C20CD34E200EC2606 /* fourteen.mp3 */,
				F438D02F20CD34E300EC2606 /* hitground.mp3 */,
				F438D03920CD34E600EC2606 /* mineralcrash.mp3 */,
				F438D03120CD34E400EC2606 /* mineralgrab.mp3 */,
				F438D03020CD34E300EC2606 /* nine.mp3 */,
				F438D03620CD34E500EC2606 /* one.mp3 */,
				F438D03A20CD34E600EC2606 /* random_noise1.mp3 */,
				F438D03C20CD34E700EC2606 /* random_noise2.mp3 */,
				F438D02B20CD34E200EC2606 /* seven.mp3 */,
				F438D03D20CD34E700EC2606 /* ten.mp3 */,
				F438D02E20CD34E300EC2606 /* thirteen.mp3 */,
				F438D03820CD34E600EC2606 /* three.mp3 */,
				F438D03320CD34E400EC2606 /* two.mp3 */,
				F438D03420CD34E500EC2606 /* warp.mp3 */,
				F45EDF7220D8C5E60076C1C8 /* SoundManager.swift */,
			);
			path = Sounds;
			sourceTree = "<group>";
		};
		F438D05220CD4DE300EC2606 /* Level 1 */ = {
			isa = PBXGroup;
			children = (
				F442382220DA54B500EA4D01 /* birdschirping.wav */,
				F438D05320CD4E2300EC2606 /* Level1_Theme.mp3 */,
			);
			path = "Level 1";
			sourceTree = "<group>";
		};
		F43FE24320E201140012D6E4 /* Levels */ = {
			isa = PBXGroup;
			children = (
				F43FE24420E201270012D6E4 /* Level2.sks */,
				F43FE24620E203620012D6E4 /* Level2.swift */,
			);
			path = Levels;
			sourceTree = "<group>";
		};
		F43FE24820E21A410012D6E4 /* World */ = {
			isa = PBXGroup;
			children = (
				F43FE24920E21A550012D6E4 /* World+Particles.swift */,
			);
			path = World;
			sourceTree = "<group>";
		};
		F44A4D4320DC926900E53841 /* Purchasing */ = {
			isa = PBXGroup;
			children = (
				F44A4D4420DC928100E53841 /* PurchaseService.swift */,
				F44A4D4620DCDF3C00E53841 /* PurchaseViewController.swift */,
				F4D57DF120DE268600C5B5A3 /* ConfirmationViewController.swift */,
			);
			path = Purchasing;
			sourceTree = "<group>";
		};
		F44A9A8E20D4EB04004E389C /* Loading */ = {
			isa = PBXGroup;
			children = (
				F44A9A8F20D4EB16004E389C /* Loading.sks */,
				F4DE8C8A20D4EC2900D25AE0 /* Loading.swift */,
			);
			path = Loading;
			sourceTree = "<group>";
		};
		F44E1A2120CF53FD00FD026E /* Menu */ = {
			isa = PBXGroup;
			children = (
				F44E1A2220CF541800FD026E /* MainMenu.sks */,
				F44E1A2820CF557E00FD026E /* MainMenu.swift */,
			);
			path = Menu;
			sourceTree = "<group>";
		};
		F44E1A2A20CFBB5E00FD026E /* Story */ = {
			isa = PBXGroup;
			children = (
				F44E1A2C20CFBB7E00FD026E /* Story.swift */,
				F44E1A2E20CFBC1C00FD026E /* Story.sks */,
			);
			path = Story;
			sourceTree = "<group>";
		};
		F44E1A3020CFBC3700FD026E /* Story Images */ = {
			isa = PBXGroup;
			children = (
				F44E1A5020D0A41D00FD026E /* dawud.png */,
				F44E1A4420CFC4E500FD026E /* antigrav.png */,
				F44E1A4520CFC4E500FD026E /* destruction.png */,
				F44E1A4220CFC4E400FD026E /* minerals.png */,
				F44E1A4720CFC4E600FD026E /* prosperity.png */,
				F44E1A4320CFC4E400FD026E /* village.png */,
				F44E1A4620CFC4E600FD026E /* watermineral.png */,
			);
			name = "Story Images";
			path = "New Group";
			sourceTree = "<group>";
		};
		F44E1A3D20CFC1B600FD026E /* Story */ = {
			isa = PBXGroup;
			children = (
				F442381E20DA509600EA4D01 /* story.wav */,
			);
			path = Story;
			sourceTree = "<group>";
		};
		F44E1A5620D0B08600FD026E /* Particles */ = {
			isa = PBXGroup;
			children = (
				F44E1A5720D0B0B100FD026E /* FireFlies.sks */,
				F44E1A5820D0B0B100FD026E /* Assets.xcassets */,
				F44E1A5B20D0B1A000FD026E /* Magic.sks */,
				F44E1A5D20D0B1EC00FD026E /* Smoke.sks */,
				F44E1A5F20D0B24800FD026E /* Rain.sks */,
				F44E1A6320D0BE4B00FD026E /* GroundParticle.sks */,
				F44E1A6520D0C33F00FD026E /* RainPatter.sks */,
				F44E1A6720D0C69A00FD026E /* Background.sks */,
				F44E1A6920D10BCB00FD026E /* Spark.sks */,
				F4E799FB20D7604900ECE898 /* Fire.sks */,
				F442381C20D92CDB00EA4D01 /* Doors.sks */,
			);
			path = Particles;
			sourceTree = "<group>";
		};
		F44E1A6F20D116EC00FD026E /* Transfer Level */ = {
			isa = PBXGroup;
			children = (
				F44E1A7020D1170700FD026E /* TransferLevel.sks */,
				F44E1A7220D1249900FD026E /* TransferLevel.swift */,
			);
			path = "Transfer Level";
			sourceTree = "<group>";
		};
		F45EDF6D20D8C01D0076C1C8 /* Persistance */ = {
			isa = PBXGroup;
			children = (
				F45EDF6E20D8C0390076C1C8 /* ProgressTracker.swift */,
			);
			path = Persistance;
			sourceTree = "<group>";
		};
		F4B03CDA20C94B8700F0B346 = {
			isa = PBXGroup;
			children = (
				F4B03CE520C94B8700F0B346 /* TRAFOD */,
				F4B03D0020C94B8900F0B346 /* TRAFODTests */,
				F4B03D0B20C94B8900F0B346 /* TRAFODUITests */,
				F4B03CE420C94B8700F0B346 /* Products */,
				235ED248F5A4E22176F3CEA3 /* Pods */,
				FE2E67AC52ACA1E642F75AC1 /* Frameworks */,
			);
			sourceTree = "<group>";
		};
		F4B03CE420C94B8700F0B346 /* Products */ = {
			isa = PBXGroup;
			children = (
				F4B03CE320C94B8700F0B346 /* TRAFOD.app */,
				F4B03CFD20C94B8900F0B346 /* TRAFODTests.xctest */,
				F4B03D0820C94B8900F0B346 /* TRAFODUITests.xctest */,
			);
			name = Products;
			sourceTree = "<group>";
		};
		F4B03CE520C94B8700F0B346 /* TRAFOD */ = {
			isa = PBXGroup;
			children = (
				F43FE24820E21A410012D6E4 /* World */,
				F43FE24320E201140012D6E4 /* Levels */,
				F44A4D4320DC926900E53841 /* Purchasing */,
				F45EDF6D20D8C01D0076C1C8 /* Persistance */,
				F44A9A8E20D4EB04004E389C /* Loading */,
				F44E1A6F20D116EC00FD026E /* Transfer Level */,
				F44E1A5620D0B08600FD026E /* Particles */,
				F44E1A2A20CFBB5E00FD026E /* Story */,
				F44E1A2120CF53FD00FD026E /* Menu */,
				F438D02920CD34BE00EC2606 /* Sounds */,
				F4B8E88C20CA4F4200E558F8 /* Images */,
				F4B03CE620C94B8700F0B346 /* AppDelegate.swift */,
				F4B03CE820C94B8700F0B346 /* GameScene.sks */,
				F4B03CEA20C94B8700F0B346 /* Actions.sks */,
				F4B03CEC20C94B8700F0B346 /* GameScene.swift */,
				F4B03CEE20C94B8700F0B346 /* GameViewController.swift */,
				F4B03CF020C94B8700F0B346 /* Main.storyboard */,
				F4B03CF320C94B8900F0B346 /* Assets.xcassets */,
				F4B03CF520C94B8900F0B346 /* LaunchScreen.storyboard */,
				F4B03CF820C94B8900F0B346 /* Info.plist */,
				F44A9A8C20D3E25D004E389C /* World.swift */,
				F45EDF7020D8C2710076C1C8 /* Constants.swift */,
			);
			path = TRAFOD;
			sourceTree = "<group>";
		};
		F4B03D0020C94B8900F0B346 /* TRAFODTests */ = {
			isa = PBXGroup;
			children = (
				F4B03D0120C94B8900F0B346 /* TRAFODTests.swift */,
				F4B03D0320C94B8900F0B346 /* Info.plist */,
			);
			path = TRAFODTests;
			sourceTree = "<group>";
		};
		F4B03D0B20C94B8900F0B346 /* TRAFODUITests */ = {
			isa = PBXGroup;
			children = (
				F4B03D0C20C94B8900F0B346 /* TRAFODUITests.swift */,
				F4B03D0E20C94B8900F0B346 /* Info.plist */,
			);
			path = TRAFODUITests;
			sourceTree = "<group>";
		};
		F4B8E88C20CA4F4200E558F8 /* Images */ = {
			isa = PBXGroup;
			children = (
				F4648F1B20D2679100CE97E1 /* platform.png */,
				F44E1A6C20D116CC00FD026E /* RopeBridge 1.png */,
				F44E1A6B20D116CC00FD026E /* RopeBridge 2.png */,
				F44E1A3020CFBC3700FD026E /* Story Images */,
				F44E1A2420CF543900FD026E /* menu.png */,
				F44E1A1F20CE5E8A00FD026E /* Portal.png */,
				F438D05720CD518C00EC2606 /* jumpbutton.png */,
				F438D05820CD518C00EC2606 /* throwbutton.png */,
				F438D02420CD0C2F00EC2606 /* Minerals */,
				F4B8E8B420CA7D9400E558F8 /* Level 1 */,
				F4B8E8B020CA79D300E558F8 /* level1ground2.png */,
				F4B8E8AE20CA794900E558F8 /* level1ground1.png */,
				F4B8E8A820CA72BD00E558F8 /* City Rock.png */,
				F4B8E8AA20CA72BF00E558F8 /* level1mountains.png */,
				F4B8E8A920CA72BE00E558F8 /* level1Sky.png */,
				F4B8E8A620CA684B00E558F8 /* Ground Merged.png */,
				F4B8E88D20CA4F4C00E558F8 /* Player */,
			);
			path = Images;
			sourceTree = "<group>";
		};
		F4B8E88D20CA4F4C00E558F8 /* Player */ = {
			isa = PBXGroup;
			children = (
				F4B8E89120CA4FA900E558F8 /* running_step0.png */,
				F4B8E89720CA4FA900E558F8 /* running_step1.png */,
				F4B8E89220CA4FA900E558F8 /* running_step2.png */,
				F4B8E89420CA4FA900E558F8 /* running_step3.png */,
				F4B8E89320CA4FA900E558F8 /* running_step4.png */,
				F4B8E89020CA4FA900E558F8 /* running_step5.png */,
				F4B8E89520CA4FA900E558F8 /* running_step6.png */,
				F4B8E89620CA4FA900E558F8 /* running_step7.png */,
				F4B8E89820CA4FAA00E558F8 /* spinning.png */,
				F4B8E89A20CA4FAA00E558F8 /* standing.png */,
				F4B8E89920CA4FAA00E558F8 /* throwing.png */,
			);
			path = Player;
			sourceTree = "<group>";
		};
		F4B8E8B420CA7D9400E558F8 /* Level 1 */ = {
			isa = PBXGroup;
			children = (
				F438D06920CE37DA00EC2606 /* level1background1.png */,
				F438D06A20CE37DA00EC2606 /* level1background2.png */,
				F438D06D20CE37DB00EC2606 /* level1background3.png */,
				F438D06820CE37DA00EC2606 /* level1background4.png */,
				F438D06E20CE37DB00EC2606 /* level1background5.png */,
				F438D06B20CE37DA00EC2606 /* level1background6.png */,
				F438D06C20CE37DB00EC2606 /* level1background7.png */,
				F438D06720CE37D900EC2606 /* level1background8.png */,
			);
			path = "Level 1";
			sourceTree = "<group>";
		};
		FE2E67AC52ACA1E642F75AC1 /* Frameworks */ = {
			isa = PBXGroup;
			children = (
				6951A9821785757EF497684C /* Pods_TRAFOD.framework */,
				626FC37E6E0A9D05608A9826 /* Pods_TRAFODTests.framework */,
				64193BF446C82855668BE830 /* Pods_TRAFODUITests.framework */,
			);
			name = Frameworks;
			sourceTree = "<group>";
		};
/* End PBXGroup section */

/* Begin PBXNativeTarget section */
		F4B03CE220C94B8700F0B346 /* TRAFOD */ = {
			isa = PBXNativeTarget;
			buildConfigurationList = F4B03D1120C94B8900F0B346 /* Build configuration list for PBXNativeTarget "TRAFOD" */;
			buildPhases = (
				F803C066E2D4B9CAC8AFB80D /* [CP] Check Pods Manifest.lock */,
				F4B03CDF20C94B8700F0B346 /* Sources */,
				F4B03CE020C94B8700F0B346 /* Frameworks */,
				F4B03CE120C94B8700F0B346 /* Resources */,
				341093E05F49C468210BD9CA /* [CP] Embed Pods Frameworks */,
			);
			buildRules = (
			);
			dependencies = (
			);
			name = TRAFOD;
			productName = TRAFOD;
			productReference = F4B03CE320C94B8700F0B346 /* TRAFOD.app */;
			productType = "com.apple.product-type.application";
		};
		F4B03CFC20C94B8900F0B346 /* TRAFODTests */ = {
			isa = PBXNativeTarget;
			buildConfigurationList = F4B03D1420C94B8900F0B346 /* Build configuration list for PBXNativeTarget "TRAFODTests" */;
			buildPhases = (
				2464C0752274EDD324F2C4C1 /* [CP] Check Pods Manifest.lock */,
				F4B03CF920C94B8900F0B346 /* Sources */,
				F4B03CFA20C94B8900F0B346 /* Frameworks */,
				F4B03CFB20C94B8900F0B346 /* Resources */,
			);
			buildRules = (
			);
			dependencies = (
				F4B03CFF20C94B8900F0B346 /* PBXTargetDependency */,
			);
			name = TRAFODTests;
			productName = TRAFODTests;
			productReference = F4B03CFD20C94B8900F0B346 /* TRAFODTests.xctest */;
			productType = "com.apple.product-type.bundle.unit-test";
		};
		F4B03D0720C94B8900F0B346 /* TRAFODUITests */ = {
			isa = PBXNativeTarget;
			buildConfigurationList = F4B03D1720C94B8900F0B346 /* Build configuration list for PBXNativeTarget "TRAFODUITests" */;
			buildPhases = (
				BD817E7F62F8A7FA8097F3CE /* [CP] Check Pods Manifest.lock */,
				F4B03D0420C94B8900F0B346 /* Sources */,
				F4B03D0520C94B8900F0B346 /* Frameworks */,
				F4B03D0620C94B8900F0B346 /* Resources */,
			);
			buildRules = (
			);
			dependencies = (
				F4B03D0A20C94B8900F0B346 /* PBXTargetDependency */,
			);
			name = TRAFODUITests;
			productName = TRAFODUITests;
			productReference = F4B03D0820C94B8900F0B346 /* TRAFODUITests.xctest */;
			productType = "com.apple.product-type.bundle.ui-testing";
		};
/* End PBXNativeTarget section */

/* Begin PBXProject section */
		F4B03CDB20C94B8700F0B346 /* Project object */ = {
			isa = PBXProject;
			attributes = {
				LastSwiftUpdateCheck = 0930;
				LastUpgradeCheck = 0930;
				ORGANIZATIONNAME = Dephyned;
				TargetAttributes = {
					F4B03CE220C94B8700F0B346 = {
						CreatedOnToolsVersion = 9.3;
					};
					F4B03CFC20C94B8900F0B346 = {
						CreatedOnToolsVersion = 9.3;
						TestTargetID = F4B03CE220C94B8700F0B346;
					};
					F4B03D0720C94B8900F0B346 = {
						CreatedOnToolsVersion = 9.3;
						TestTargetID = F4B03CE220C94B8700F0B346;
					};
				};
			};
			buildConfigurationList = F4B03CDE20C94B8700F0B346 /* Build configuration list for PBXProject "TRAFOD" */;
			compatibilityVersion = "Xcode 9.3";
			developmentRegion = en;
			hasScannedForEncodings = 0;
			knownRegions = (
				en,
				Base,
			);
			mainGroup = F4B03CDA20C94B8700F0B346;
			productRefGroup = F4B03CE420C94B8700F0B346 /* Products */;
			projectDirPath = "";
			projectRoot = "";
			targets = (
				F4B03CE220C94B8700F0B346 /* TRAFOD */,
				F4B03CFC20C94B8900F0B346 /* TRAFODTests */,
				F4B03D0720C94B8900F0B346 /* TRAFODUITests */,
			);
		};
/* End PBXProject section */

/* Begin PBXResourcesBuildPhase section */
		F4B03CE120C94B8700F0B346 /* Resources */ = {
			isa = PBXResourcesBuildPhase;
			buildActionMask = 2147483647;
			files = (
				F4648F1C20D2679100CE97E1 /* platform.png in Resources */,
				F4B8E8B120CA79D300E558F8 /* level1ground2.png in Resources */,
				F438D04920CD34E700EC2606 /* footsteps.mp3 in Resources */,
				F442382320DA54B500EA4D01 /* birdschirping.wav in Resources */,
				F438D04E20CD34E700EC2606 /* random_noise1.mp3 in Resources */,
				F4B03CF220C94B8700F0B346 /* Main.storyboard in Resources */,
				F438D04620CD34E700EC2606 /* four.mp3 in Resources */,
				F4B8E8AF20CA794900E558F8 /* level1ground1.png in Resources */,
				F4B8E89B20CA4FAA00E558F8 /* running_step5.png in Resources */,
				F438D04D20CD34E700EC2606 /* mineralcrash.mp3 in Resources */,
				F44E1A4C20CFC4E600FD026E /* watermineral.png in Resources */,
				F438D05420CD4E2300EC2606 /* Level1_Theme.mp3 in Resources */,
				F4B8E89D20CA4FAA00E558F8 /* running_step2.png in Resources */,
				F43FE24520E201270012D6E4 /* Level2.sks in Resources */,
				F438D04F20CD34E700EC2606 /* five.mp3 in Resources */,
				F438D02720CD0C4900EC2606 /* Red Crystal.png in Resources */,
				F4B03CE920C94B8700F0B346 /* GameScene.sks in Resources */,
				F438D04120CD34E700EC2606 /* breathing.mp3 in Resources */,
				F44E1A7120D1170700FD026E /* TransferLevel.sks in Resources */,
				F44E1A2020CE5E8E00FD026E /* Portal.png in Resources */,
				F44E1A6420D0BE4B00FD026E /* GroundParticle.sks in Resources */,
				F4B8E8AC20CA72BF00E558F8 /* level1Sky.png in Resources */,
				F4B03CF420C94B8900F0B346 /* Assets.xcassets in Resources */,
				F438D04320CD34E700EC2606 /* hitground.mp3 in Resources */,
				F4B8E8A420CA4FAA00E558F8 /* throwing.png in Resources */,
				F438D04B20CD34E700EC2606 /* eight.mp3 in Resources */,
				F44E1A4D20CFC4E600FD026E /* prosperity.png in Resources */,
				F44E1A6D20D116CC00FD026E /* RopeBridge 2.png in Resources */,
				F44E1A5C20D0B1A000FD026E /* Magic.sks in Resources */,
				F438D06F20CE37DB00EC2606 /* level1background8.png in Resources */,
				F438D07320CE37DB00EC2606 /* level1background6.png in Resources */,
				F438D07620CE37DB00EC2606 /* level1background5.png in Resources */,
				F44E1A5E20D0B1EC00FD026E /* Smoke.sks in Resources */,
				F44A9A9020D4EB16004E389C /* Loading.sks in Resources */,
				F438D04220CD34E700EC2606 /* thirteen.mp3 in Resources */,
				F44E1A4A20CFC4E600FD026E /* antigrav.png in Resources */,
				F442382120DA50AC00EA4D01 /* dawudsong.wav in Resources */,
				F438D04020CD34E700EC2606 /* fourteen.mp3 in Resources */,
				F438D05120CD34E700EC2606 /* ten.mp3 in Resources */,
				F44E1A6A20D10BCB00FD026E /* Spark.sks in Resources */,
				F4B8E8A320CA4FAA00E558F8 /* spinning.png in Resources */,
				F44E1A5920D0B0B100FD026E /* FireFlies.sks in Resources */,
				F438D05A20CD518C00EC2606 /* throwbutton.png in Resources */,
				F4B8E8A520CA4FAA00E558F8 /* standing.png in Resources */,
				F44E1A2320CF541800FD026E /* MainMenu.sks in Resources */,
				F438D05920CD518C00EC2606 /* jumpbutton.png in Resources */,
				F4B8E89F20CA4FAA00E558F8 /* running_step3.png in Resources */,
				F438D07120CE37DB00EC2606 /* level1background1.png in Resources */,
				F44E1A5120D0A41D00FD026E /* dawud.png in Resources */,
				F44E1A4920CFC4E600FD026E /* village.png in Resources */,
				F4E799FC20D7604900ECE898 /* Fire.sks in Resources */,
				F44E1A2520CF543900FD026E /* menu.png in Resources */,
				F438D07020CE37DB00EC2606 /* level1background4.png in Resources */,
				F438D07220CE37DB00EC2606 /* level1background2.png in Resources */,
				F438D03F20CD34E700EC2606 /* seven.mp3 in Resources */,
				F438D04420CD34E700EC2606 /* nine.mp3 in Resources */,
				F4B8E89C20CA4FAA00E558F8 /* running_step0.png in Resources */,
				F438D07520CE37DB00EC2606 /* level1background3.png in Resources */,
				F44E1A6E20D116CC00FD026E /* RopeBridge 1.png in Resources */,
				F4B8E8A120CA4FAA00E558F8 /* running_step7.png in Resources */,
				F44E1A4820CFC4E600FD026E /* minerals.png in Resources */,
				F438D03E20CD34E700EC2606 /* antigrav.mp3 in Resources */,
				F442381D20D92CDB00EA4D01 /* Doors.sks in Resources */,
				F438D05020CD34E700EC2606 /* random_noise2.mp3 in Resources */,
				F4B8E8A720CA684B00E558F8 /* Ground Merged.png in Resources */,
				F4B03CF720C94B8900F0B346 /* LaunchScreen.storyboard in Resources */,
				F4B8E89E20CA4FAA00E558F8 /* running_step4.png in Resources */,
				F4B8E8A220CA4FAA00E558F8 /* running_step1.png in Resources */,
				F438D04A20CD34E700EC2606 /* one.mp3 in Resources */,
				F438D07420CE37DB00EC2606 /* level1background7.png in Resources */,
				F4B03CEB20C94B8700F0B346 /* Actions.sks in Resources */,
				F4B8E8AD20CA72BF00E558F8 /* level1mountains.png in Resources */,
				F438D04720CD34E700EC2606 /* two.mp3 in Resources */,
				F442381F20DA509600EA4D01 /* story.wav in Resources */,
				F44E1A6020D0B24800FD026E /* Rain.sks in Resources */,
				F44E1A2F20CFBC1C00FD026E /* Story.sks in Resources */,
				F44E1A5520D0B00F00FD026E /* hitground.mp3 in Resources */,
				F44E1A4B20CFC4E600FD026E /* destruction.png in Resources */,
				F438D04520CD34E700EC2606 /* mineralgrab.mp3 in Resources */,
				F4B8E8AB20CA72BF00E558F8 /* City Rock.png in Resources */,
				F4B8E8A020CA4FAA00E558F8 /* running_step6.png in Resources */,
				F438D04820CD34E700EC2606 /* warp.mp3 in Resources */,
				F438D02820CD0C4900EC2606 /* Blue Crystal.png in Resources */,
				F44E1A6620D0C33F00FD026E /* RainPatter.sks in Resources */,
				F44E1A6820D0C69A00FD026E /* Background.sks in Resources */,
				F44E1A5A20D0B0B100FD026E /* Assets.xcassets in Resources */,
				F438D04C20CD34E700EC2606 /* three.mp3 in Resources */,
			);
			runOnlyForDeploymentPostprocessing = 0;
		};
		F4B03CFB20C94B8900F0B346 /* Resources */ = {
			isa = PBXResourcesBuildPhase;
			buildActionMask = 2147483647;
			files = (
			);
			runOnlyForDeploymentPostprocessing = 0;
		};
		F4B03D0620C94B8900F0B346 /* Resources */ = {
			isa = PBXResourcesBuildPhase;
			buildActionMask = 2147483647;
			files = (
			);
			runOnlyForDeploymentPostprocessing = 0;
		};
/* End PBXResourcesBuildPhase section */

/* Begin PBXShellScriptBuildPhase section */
		2464C0752274EDD324F2C4C1 /* [CP] Check Pods Manifest.lock */ = {
			isa = PBXShellScriptBuildPhase;
			buildActionMask = 2147483647;
			files = (
			);
			inputPaths = (
				"${PODS_PODFILE_DIR_PATH}/Podfile.lock",
				"${PODS_ROOT}/Manifest.lock",
			);
			name = "[CP] Check Pods Manifest.lock";
			outputPaths = (
				"$(DERIVED_FILE_DIR)/Pods-TRAFODTests-checkManifestLockResult.txt",
			);
			runOnlyForDeploymentPostprocessing = 0;
			shellPath = /bin/sh;
			shellScript = "diff \"${PODS_PODFILE_DIR_PATH}/Podfile.lock\" \"${PODS_ROOT}/Manifest.lock\" > /dev/null\nif [ $? != 0 ] ; then\n    # print error to STDERR\n    echo \"error: The sandbox is not in sync with the Podfile.lock. Run 'pod install' or update your CocoaPods installation.\" >&2\n    exit 1\nfi\n# This output is used by Xcode 'outputs' to avoid re-running this script phase.\necho \"SUCCESS\" > \"${SCRIPT_OUTPUT_FILE_0}\"\n";
			showEnvVarsInLog = 0;
		};
		341093E05F49C468210BD9CA /* [CP] Embed Pods Frameworks */ = {
			isa = PBXShellScriptBuildPhase;
			buildActionMask = 2147483647;
			files = (
			);
			inputPaths = (
				"${SRCROOT}/Pods/Target Support Files/Pods-TRAFOD/Pods-TRAFOD-frameworks.sh",
				"${BUILT_PRODUCTS_DIR}/Realm/Realm.framework",
				"${BUILT_PRODUCTS_DIR}/RealmSwift/RealmSwift.framework",
			);
			name = "[CP] Embed Pods Frameworks";
			outputPaths = (
				"${TARGET_BUILD_DIR}/${FRAMEWORKS_FOLDER_PATH}/Realm.framework",
				"${TARGET_BUILD_DIR}/${FRAMEWORKS_FOLDER_PATH}/RealmSwift.framework",
			);
			runOnlyForDeploymentPostprocessing = 0;
			shellPath = /bin/sh;
			shellScript = "\"${SRCROOT}/Pods/Target Support Files/Pods-TRAFOD/Pods-TRAFOD-frameworks.sh\"\n";
			showEnvVarsInLog = 0;
		};
		BD817E7F62F8A7FA8097F3CE /* [CP] Check Pods Manifest.lock */ = {
			isa = PBXShellScriptBuildPhase;
			buildActionMask = 2147483647;
			files = (
			);
			inputPaths = (
				"${PODS_PODFILE_DIR_PATH}/Podfile.lock",
				"${PODS_ROOT}/Manifest.lock",
			);
			name = "[CP] Check Pods Manifest.lock";
			outputPaths = (
				"$(DERIVED_FILE_DIR)/Pods-TRAFODUITests-checkManifestLockResult.txt",
			);
			runOnlyForDeploymentPostprocessing = 0;
			shellPath = /bin/sh;
			shellScript = "diff \"${PODS_PODFILE_DIR_PATH}/Podfile.lock\" \"${PODS_ROOT}/Manifest.lock\" > /dev/null\nif [ $? != 0 ] ; then\n    # print error to STDERR\n    echo \"error: The sandbox is not in sync with the Podfile.lock. Run 'pod install' or update your CocoaPods installation.\" >&2\n    exit 1\nfi\n# This output is used by Xcode 'outputs' to avoid re-running this script phase.\necho \"SUCCESS\" > \"${SCRIPT_OUTPUT_FILE_0}\"\n";
			showEnvVarsInLog = 0;
		};
		F803C066E2D4B9CAC8AFB80D /* [CP] Check Pods Manifest.lock */ = {
			isa = PBXShellScriptBuildPhase;
			buildActionMask = 2147483647;
			files = (
			);
			inputPaths = (
				"${PODS_PODFILE_DIR_PATH}/Podfile.lock",
				"${PODS_ROOT}/Manifest.lock",
			);
			name = "[CP] Check Pods Manifest.lock";
			outputPaths = (
				"$(DERIVED_FILE_DIR)/Pods-TRAFOD-checkManifestLockResult.txt",
			);
			runOnlyForDeploymentPostprocessing = 0;
			shellPath = /bin/sh;
			shellScript = "diff \"${PODS_PODFILE_DIR_PATH}/Podfile.lock\" \"${PODS_ROOT}/Manifest.lock\" > /dev/null\nif [ $? != 0 ] ; then\n    # print error to STDERR\n    echo \"error: The sandbox is not in sync with the Podfile.lock. Run 'pod install' or update your CocoaPods installation.\" >&2\n    exit 1\nfi\n# This output is used by Xcode 'outputs' to avoid re-running this script phase.\necho \"SUCCESS\" > \"${SCRIPT_OUTPUT_FILE_0}\"\n";
			showEnvVarsInLog = 0;
		};
/* End PBXShellScriptBuildPhase section */

/* Begin PBXSourcesBuildPhase section */
		F4B03CDF20C94B8700F0B346 /* Sources */ = {
			isa = PBXSourcesBuildPhase;
			buildActionMask = 2147483647;
			files = (
				F43FE24720E203620012D6E4 /* Level2.swift in Sources */,
				F4D57DF220DE268600C5B5A3 /* ConfirmationViewController.swift in Sources */,
				F4B03CED20C94B8700F0B346 /* GameScene.swift in Sources */,
				F45EDF6F20D8C0390076C1C8 /* ProgressTracker.swift in Sources */,
				F4B03CEF20C94B8700F0B346 /* GameViewController.swift in Sources */,
				F4B03CE720C94B8700F0B346 /* AppDelegate.swift in Sources */,
				F44E1A2920CF557E00FD026E /* MainMenu.swift in Sources */,
				F45EDF7120D8C2710076C1C8 /* Constants.swift in Sources */,
				F44E1A2D20CFBB7E00FD026E /* Story.swift in Sources */,
				F44A9A8D20D3E25D004E389C /* World.swift in Sources */,
				F43FE24A20E21A550012D6E4 /* World+Particles.swift in Sources */,
				F44A4D4520DC928100E53841 /* PurchaseService.swift in Sources */,
				F44A4D4720DCDF3C00E53841 /* PurchaseViewController.swift in Sources */,
				F4DE8C8B20D4EC2900D25AE0 /* Loading.swift in Sources */,
				F45EDF7320D8C5E60076C1C8 /* SoundManager.swift in Sources */,
				F44E1A7320D1249900FD026E /* TransferLevel.swift in Sources */,
			);
			runOnlyForDeploymentPostprocessing = 0;
		};
		F4B03CF920C94B8900F0B346 /* Sources */ = {
			isa = PBXSourcesBuildPhase;
			buildActionMask = 2147483647;
			files = (
				F4B03D0220C94B8900F0B346 /* TRAFODTests.swift in Sources */,
			);
			runOnlyForDeploymentPostprocessing = 0;
		};
		F4B03D0420C94B8900F0B346 /* Sources */ = {
			isa = PBXSourcesBuildPhase;
			buildActionMask = 2147483647;
			files = (
				F4B03D0D20C94B8900F0B346 /* TRAFODUITests.swift in Sources */,
			);
			runOnlyForDeploymentPostprocessing = 0;
		};
/* End PBXSourcesBuildPhase section */

/* Begin PBXTargetDependency section */
		F4B03CFF20C94B8900F0B346 /* PBXTargetDependency */ = {
			isa = PBXTargetDependency;
			target = F4B03CE220C94B8700F0B346 /* TRAFOD */;
			targetProxy = F4B03CFE20C94B8900F0B346 /* PBXContainerItemProxy */;
		};
		F4B03D0A20C94B8900F0B346 /* PBXTargetDependency */ = {
			isa = PBXTargetDependency;
			target = F4B03CE220C94B8700F0B346 /* TRAFOD */;
			targetProxy = F4B03D0920C94B8900F0B346 /* PBXContainerItemProxy */;
		};
/* End PBXTargetDependency section */

/* Begin PBXVariantGroup section */
		F4B03CF020C94B8700F0B346 /* Main.storyboard */ = {
			isa = PBXVariantGroup;
			children = (
				F4B03CF120C94B8700F0B346 /* Base */,
			);
			name = Main.storyboard;
			sourceTree = "<group>";
		};
		F4B03CF520C94B8900F0B346 /* LaunchScreen.storyboard */ = {
			isa = PBXVariantGroup;
			children = (
				F4B03CF620C94B8900F0B346 /* Base */,
			);
			name = LaunchScreen.storyboard;
			sourceTree = "<group>";
		};
/* End PBXVariantGroup section */

/* Begin XCBuildConfiguration section */
		F4B03D0F20C94B8900F0B346 /* Debug */ = {
			isa = XCBuildConfiguration;
			buildSettings = {
				ALWAYS_SEARCH_USER_PATHS = NO;
				CLANG_ANALYZER_NONNULL = YES;
				CLANG_ANALYZER_NUMBER_OBJECT_CONVERSION = YES_AGGRESSIVE;
				CLANG_CXX_LANGUAGE_STANDARD = "gnu++14";
				CLANG_CXX_LIBRARY = "libc++";
				CLANG_ENABLE_MODULES = YES;
				CLANG_ENABLE_OBJC_ARC = YES;
				CLANG_ENABLE_OBJC_WEAK = YES;
				CLANG_WARN_BLOCK_CAPTURE_AUTORELEASING = YES;
				CLANG_WARN_BOOL_CONVERSION = YES;
				CLANG_WARN_COMMA = YES;
				CLANG_WARN_CONSTANT_CONVERSION = YES;
				CLANG_WARN_DEPRECATED_OBJC_IMPLEMENTATIONS = YES;
				CLANG_WARN_DIRECT_OBJC_ISA_USAGE = YES_ERROR;
				CLANG_WARN_DOCUMENTATION_COMMENTS = YES;
				CLANG_WARN_EMPTY_BODY = YES;
				CLANG_WARN_ENUM_CONVERSION = YES;
				CLANG_WARN_INFINITE_RECURSION = YES;
				CLANG_WARN_INT_CONVERSION = YES;
				CLANG_WARN_NON_LITERAL_NULL_CONVERSION = YES;
				CLANG_WARN_OBJC_IMPLICIT_RETAIN_SELF = YES;
				CLANG_WARN_OBJC_LITERAL_CONVERSION = YES;
				CLANG_WARN_OBJC_ROOT_CLASS = YES_ERROR;
				CLANG_WARN_RANGE_LOOP_ANALYSIS = YES;
				CLANG_WARN_STRICT_PROTOTYPES = YES;
				CLANG_WARN_SUSPICIOUS_MOVE = YES;
				CLANG_WARN_UNGUARDED_AVAILABILITY = YES_AGGRESSIVE;
				CLANG_WARN_UNREACHABLE_CODE = YES;
				CLANG_WARN__DUPLICATE_METHOD_MATCH = YES;
				CODE_SIGN_IDENTITY = "iPhone Developer";
				COPY_PHASE_STRIP = NO;
				DEBUG_INFORMATION_FORMAT = dwarf;
				ENABLE_STRICT_OBJC_MSGSEND = YES;
				ENABLE_TESTABILITY = YES;
				GCC_C_LANGUAGE_STANDARD = gnu11;
				GCC_DYNAMIC_NO_PIC = NO;
				GCC_NO_COMMON_BLOCKS = YES;
				GCC_OPTIMIZATION_LEVEL = 0;
				GCC_PREPROCESSOR_DEFINITIONS = (
					"DEBUG=1",
					"$(inherited)",
				);
				GCC_WARN_64_TO_32_BIT_CONVERSION = YES;
				GCC_WARN_ABOUT_RETURN_TYPE = YES_ERROR;
				GCC_WARN_UNDECLARED_SELECTOR = YES;
				GCC_WARN_UNINITIALIZED_AUTOS = YES_AGGRESSIVE;
				GCC_WARN_UNUSED_FUNCTION = YES;
				GCC_WARN_UNUSED_VARIABLE = YES;
				IPHONEOS_DEPLOYMENT_TARGET = 11.3;
				MTL_ENABLE_DEBUG_INFO = YES;
				ONLY_ACTIVE_ARCH = YES;
				SDKROOT = iphoneos;
				SWIFT_ACTIVE_COMPILATION_CONDITIONS = DEBUG;
				SWIFT_OPTIMIZATION_LEVEL = "-Onone";
			};
			name = Debug;
		};
		F4B03D1020C94B8900F0B346 /* Release */ = {
			isa = XCBuildConfiguration;
			buildSettings = {
				ALWAYS_SEARCH_USER_PATHS = NO;
				CLANG_ANALYZER_NONNULL = YES;
				CLANG_ANALYZER_NUMBER_OBJECT_CONVERSION = YES_AGGRESSIVE;
				CLANG_CXX_LANGUAGE_STANDARD = "gnu++14";
				CLANG_CXX_LIBRARY = "libc++";
				CLANG_ENABLE_MODULES = YES;
				CLANG_ENABLE_OBJC_ARC = YES;
				CLANG_ENABLE_OBJC_WEAK = YES;
				CLANG_WARN_BLOCK_CAPTURE_AUTORELEASING = YES;
				CLANG_WARN_BOOL_CONVERSION = YES;
				CLANG_WARN_COMMA = YES;
				CLANG_WARN_CONSTANT_CONVERSION = YES;
				CLANG_WARN_DEPRECATED_OBJC_IMPLEMENTATIONS = YES;
				CLANG_WARN_DIRECT_OBJC_ISA_USAGE = YES_ERROR;
				CLANG_WARN_DOCUMENTATION_COMMENTS = YES;
				CLANG_WARN_EMPTY_BODY = YES;
				CLANG_WARN_ENUM_CONVERSION = YES;
				CLANG_WARN_INFINITE_RECURSION = YES;
				CLANG_WARN_INT_CONVERSION = YES;
				CLANG_WARN_NON_LITERAL_NULL_CONVERSION = YES;
				CLANG_WARN_OBJC_IMPLICIT_RETAIN_SELF = YES;
				CLANG_WARN_OBJC_LITERAL_CONVERSION = YES;
				CLANG_WARN_OBJC_ROOT_CLASS = YES_ERROR;
				CLANG_WARN_RANGE_LOOP_ANALYSIS = YES;
				CLANG_WARN_STRICT_PROTOTYPES = YES;
				CLANG_WARN_SUSPICIOUS_MOVE = YES;
				CLANG_WARN_UNGUARDED_AVAILABILITY = YES_AGGRESSIVE;
				CLANG_WARN_UNREACHABLE_CODE = YES;
				CLANG_WARN__DUPLICATE_METHOD_MATCH = YES;
				CODE_SIGN_IDENTITY = "iPhone Developer";
				COPY_PHASE_STRIP = NO;
				DEBUG_INFORMATION_FORMAT = "dwarf-with-dsym";
				ENABLE_NS_ASSERTIONS = NO;
				ENABLE_STRICT_OBJC_MSGSEND = YES;
				GCC_C_LANGUAGE_STANDARD = gnu11;
				GCC_NO_COMMON_BLOCKS = YES;
				GCC_WARN_64_TO_32_BIT_CONVERSION = YES;
				GCC_WARN_ABOUT_RETURN_TYPE = YES_ERROR;
				GCC_WARN_UNDECLARED_SELECTOR = YES;
				GCC_WARN_UNINITIALIZED_AUTOS = YES_AGGRESSIVE;
				GCC_WARN_UNUSED_FUNCTION = YES;
				GCC_WARN_UNUSED_VARIABLE = YES;
				IPHONEOS_DEPLOYMENT_TARGET = 11.3;
				MTL_ENABLE_DEBUG_INFO = NO;
				SDKROOT = iphoneos;
				SWIFT_COMPILATION_MODE = wholemodule;
				SWIFT_OPTIMIZATION_LEVEL = "-O";
				VALIDATE_PRODUCT = YES;
			};
			name = Release;
		};
		F4B03D1220C94B8900F0B346 /* Debug */ = {
			isa = XCBuildConfiguration;
			baseConfigurationReference = 4DC62AE5103E0A3691C42C0F /* Pods-TRAFOD.debug.xcconfig */;
			buildSettings = {
				ASSETCATALOG_COMPILER_APPICON_NAME = AppIcon;
				CODE_SIGN_STYLE = Automatic;
				DEVELOPMENT_TEAM = HJPTQ3N75W;
				INFOPLIST_FILE = TRAFOD/Info.plist;
				IPHONEOS_DEPLOYMENT_TARGET = 11.0;
				LD_RUNPATH_SEARCH_PATHS = (
					"$(inherited)",
					"@executable_path/Frameworks",
				);
				PRODUCT_BUNDLE_IDENTIFIER = com.dephyned.trafod;
				PRODUCT_NAME = "$(TARGET_NAME)";
				SWIFT_VERSION = 4.0;
				TARGETED_DEVICE_FAMILY = "1,2";
			};
			name = Debug;
		};
		F4B03D1320C94B8900F0B346 /* Release */ = {
			isa = XCBuildConfiguration;
			baseConfigurationReference = E860BBC35B9BD0E4CD9ECB09 /* Pods-TRAFOD.release.xcconfig */;
			buildSettings = {
				ASSETCATALOG_COMPILER_APPICON_NAME = AppIcon;
				CODE_SIGN_STYLE = Automatic;
				DEVELOPMENT_TEAM = HJPTQ3N75W;
				INFOPLIST_FILE = TRAFOD/Info.plist;
				IPHONEOS_DEPLOYMENT_TARGET = 11.0;
				LD_RUNPATH_SEARCH_PATHS = (
					"$(inherited)",
					"@executable_path/Frameworks",
				);
				PRODUCT_BUNDLE_IDENTIFIER = com.dephyned.trafod;
				PRODUCT_NAME = "$(TARGET_NAME)";
				SWIFT_VERSION = 4.0;
				TARGETED_DEVICE_FAMILY = "1,2";
			};
			name = Release;
		};
		F4B03D1520C94B8900F0B346 /* Debug */ = {
			isa = XCBuildConfiguration;
			baseConfigurationReference = 84498558B2EF9D5DC79A2E7D /* Pods-TRAFODTests.debug.xcconfig */;
			buildSettings = {
				ALWAYS_EMBED_SWIFT_STANDARD_LIBRARIES = YES;
				BUNDLE_LOADER = "$(TEST_HOST)";
				CODE_SIGN_STYLE = Automatic;
				DEVELOPMENT_TEAM = HJPTQ3N75W;
				INFOPLIST_FILE = TRAFODTests/Info.plist;
				LD_RUNPATH_SEARCH_PATHS = (
					"$(inherited)",
					"@executable_path/Frameworks",
					"@loader_path/Frameworks",
				);
				PRODUCT_BUNDLE_IDENTIFIER = com.dephyned.TRAFODTests;
				PRODUCT_NAME = "$(TARGET_NAME)";
				SWIFT_VERSION = 4.0;
				TARGETED_DEVICE_FAMILY = "1,2";
				TEST_HOST = "$(BUILT_PRODUCTS_DIR)/TRAFOD.app/TRAFOD";
			};
			name = Debug;
		};
		F4B03D1620C94B8900F0B346 /* Release */ = {
			isa = XCBuildConfiguration;
			baseConfigurationReference = 3421A6A442414095FA6C4785 /* Pods-TRAFODTests.release.xcconfig */;
			buildSettings = {
				ALWAYS_EMBED_SWIFT_STANDARD_LIBRARIES = YES;
				BUNDLE_LOADER = "$(TEST_HOST)";
				CODE_SIGN_STYLE = Automatic;
				DEVELOPMENT_TEAM = HJPTQ3N75W;
				INFOPLIST_FILE = TRAFODTests/Info.plist;
				LD_RUNPATH_SEARCH_PATHS = (
					"$(inherited)",
					"@executable_path/Frameworks",
					"@loader_path/Frameworks",
				);
				PRODUCT_BUNDLE_IDENTIFIER = com.dephyned.TRAFODTests;
				PRODUCT_NAME = "$(TARGET_NAME)";
				SWIFT_VERSION = 4.0;
				TARGETED_DEVICE_FAMILY = "1,2";
				TEST_HOST = "$(BUILT_PRODUCTS_DIR)/TRAFOD.app/TRAFOD";
			};
			name = Release;
		};
		F4B03D1820C94B8900F0B346 /* Debug */ = {
			isa = XCBuildConfiguration;
			baseConfigurationReference = 72404E5B4733EB2C68CCAFD7 /* Pods-TRAFODUITests.debug.xcconfig */;
			buildSettings = {
				ALWAYS_EMBED_SWIFT_STANDARD_LIBRARIES = YES;
				CODE_SIGN_STYLE = Automatic;
				DEVELOPMENT_TEAM = HJPTQ3N75W;
				INFOPLIST_FILE = TRAFODUITests/Info.plist;
				LD_RUNPATH_SEARCH_PATHS = (
					"$(inherited)",
					"@executable_path/Frameworks",
					"@loader_path/Frameworks",
				);
				PRODUCT_BUNDLE_IDENTIFIER = com.dephyned.TRAFODUITests;
				PRODUCT_NAME = "$(TARGET_NAME)";
				SWIFT_VERSION = 4.0;
				TARGETED_DEVICE_FAMILY = "1,2";
				TEST_TARGET_NAME = TRAFOD;
			};
			name = Debug;
		};
		F4B03D1920C94B8900F0B346 /* Release */ = {
			isa = XCBuildConfiguration;
			baseConfigurationReference = EE59AA9465552CDB5CA491CF /* Pods-TRAFODUITests.release.xcconfig */;
			buildSettings = {
				ALWAYS_EMBED_SWIFT_STANDARD_LIBRARIES = YES;
				CODE_SIGN_STYLE = Automatic;
				DEVELOPMENT_TEAM = HJPTQ3N75W;
				INFOPLIST_FILE = TRAFODUITests/Info.plist;
				LD_RUNPATH_SEARCH_PATHS = (
					"$(inherited)",
					"@executable_path/Frameworks",
					"@loader_path/Frameworks",
				);
				PRODUCT_BUNDLE_IDENTIFIER = com.dephyned.TRAFODUITests;
				PRODUCT_NAME = "$(TARGET_NAME)";
				SWIFT_VERSION = 4.0;
				TARGETED_DEVICE_FAMILY = "1,2";
				TEST_TARGET_NAME = TRAFOD;
			};
			name = Release;
		};
/* End XCBuildConfiguration section */

/* Begin XCConfigurationList section */
		F4B03CDE20C94B8700F0B346 /* Build configuration list for PBXProject "TRAFOD" */ = {
			isa = XCConfigurationList;
			buildConfigurations = (
				F4B03D0F20C94B8900F0B346 /* Debug */,
				F4B03D1020C94B8900F0B346 /* Release */,
			);
			defaultConfigurationIsVisible = 0;
			defaultConfigurationName = Release;
		};
		F4B03D1120C94B8900F0B346 /* Build configuration list for PBXNativeTarget "TRAFOD" */ = {
			isa = XCConfigurationList;
			buildConfigurations = (
				F4B03D1220C94B8900F0B346 /* Debug */,
				F4B03D1320C94B8900F0B346 /* Release */,
			);
			defaultConfigurationIsVisible = 0;
			defaultConfigurationName = Release;
		};
		F4B03D1420C94B8900F0B346 /* Build configuration list for PBXNativeTarget "TRAFODTests" */ = {
			isa = XCConfigurationList;
			buildConfigurations = (
				F4B03D1520C94B8900F0B346 /* Debug */,
				F4B03D1620C94B8900F0B346 /* Release */,
			);
			defaultConfigurationIsVisible = 0;
			defaultConfigurationName = Release;
		};
		F4B03D1720C94B8900F0B346 /* Build configuration list for PBXNativeTarget "TRAFODUITests" */ = {
			isa = XCConfigurationList;
			buildConfigurations = (
				F4B03D1820C94B8900F0B346 /* Debug */,
				F4B03D1920C94B8900F0B346 /* Release */,
			);
			defaultConfigurationIsVisible = 0;
			defaultConfigurationName = Release;
		};
/* End XCConfigurationList section */
	};
	rootObject = F4B03CDB20C94B8700F0B346 /* Project object */;
}
