PODS:
  - Realm (3.17.0):
    - Realm/Headers (= 3.17.0)
  - Realm/Headers (3.17.0)
  - RealmSwift (3.17.0):
    - Realm (= 3.17.0)

DEPENDENCIES:
  - RealmSwift

SPEC REPOS:
  https://github.com/CocoaPods/Specs.git:
    - Realm
    - RealmSwift

SPEC CHECKSUMS:
  Realm: b30db41ff34fc858ffc25ba8d44a82c164e7ccd0
  RealmSwift: fe733e459d60dc7b6971d4cbee2eb4854097d12c

PODFILE CHECKSUM: 6de4c59ebc68f0b40862cba3590eae9e6fe620fe

COCOAPODS: 1.11.2
